
Microsoft Visual Studio Solution File, Format Version 12.00
# Visual Studio Version 16
VisualStudioVersion = 16.0.29201.188
MinimumVisualStudioVersion = 10.0.40219.1
Project("{9A19103F-16F7-4668-BE54-9A1E7A4F7556}") = "Debugtest", "Debugtest\Debugtest.csproj", "{3A225F76-6485-4114-B92B-9E17DFBA4476}"
EndProject
Project("{9A19103F-16F7-4668-BE54-9A1E7A4F7556}") = "O1_VariablerTal", "VariablerTal\O1_VariablerTal.csproj", "{289F7D61-10B1-48DB-9839-7FAF88082EAC}"
EndProject
Project("{9A19103F-16F7-4668-BE54-9A1E7A4F7556}") = "O2_Regnemaskine", "Regnemaskine\O2_Regnemaskine.csproj", "{AE830585-BC7E-4F60-93F9-3C63F137C4E4}"
EndProject
Project("{9A19103F-16F7-4668-BE54-9A1E7A4F7556}") = "O3_DatoTid", "03_DatoTid\O3_DatoTid.csproj", "{DC164294-53C9-4B56-B741-F921917CF316}"
EndProject
Project("{9A19103F-16F7-4668-BE54-9A1E7A4F7556}") = "O4_Strenge", "O4_Strenge\O4_Strenge.csproj", "{A0D2409E-4B96-4D14-9E2B-79D3133746EF}"
EndProject
Project("{9A19103F-16F7-4668-BE54-9A1E7A4F7556}") = "O5_for_if", "O5_for_if\O5_for_if.csproj", "{8277CA5A-DC1C-4437-AB96-E68903C6A17B}"
EndProject
Project("{9A19103F-16F7-4668-BE54-9A1E7A4F7556}") = "O6_flow-break-continue", "flow-break-continue\O6_flow-break-continue.csproj", "{8381954C-AC53-48A0-A67C-5CA5195018CF}"
EndProject
Project("{9A19103F-16F7-4668-BE54-9A1E7A4F7556}") = "O7_fejlhåndtering_simpel", "O7_fejlhåndtering_simpel\O7_fejlhåndtering_simpel.csproj", "{32C0AF33-434D-4010-9D16-C51F8AF3DFFE}"
EndProject
Project("{9A19103F-16F7-4668-BE54-9A1E7A4F7556}") = "O8_Metoder", "O8_Metoder\O8_Metoder.csproj", "{8E710C2D-6C8F-4A59-B10D-93DEE17865B7}"
EndProject
Project("{9A19103F-16F7-4668-BE54-9A1E7A4F7556}") = "O9_Metoder_statisk", "O9_Metoder_statisk\O9_Metoder_statisk.csproj", "{75CC2092-9149-4F24-9D4B-EFF397A98DEF}"
EndProject
Project("{9A19103F-16F7-4668-BE54-9A1E7A4F7556}") = "O10_Overload", "O10_Overload\O10_Overload.csproj", "{D5AC2A86-20EC-4243-B57F-6122322CD88D}"
EndProject
Project("{9A19103F-16F7-4668-BE54-9A1E7A4F7556}") = "O11_array_split", "O11_array_split\O11_array_split.csproj", "{1352CD8B-720C-4389-B82A-8251067DF47C}"
EndProject
Project("{9A19103F-16F7-4668-BE54-9A1E7A4F7556}") = "O12_samlinger_generisk", "O12_samlinger_generisk\O12_samlinger_generisk.csproj", "{B9832C04-B553-46BB-BAF0-95D27A506F3D}"
EndProject
Project("{9A19103F-16F7-4668-BE54-9A1E7A4F7556}") = "O13_klasser_simpel", "O13_klasser_simpel\O13_klasser_simpel.csproj", "{45125BA4-F7C1-40C2-ABC5-A2C44CBA4403}"
EndProject
Project("{9A19103F-16F7-4668-BE54-9A1E7A4F7556}") = "O14_Klasser_terning", "O14_Klasser_terning\O14_Klasser_terning.csproj", "{4CA602A9-E81D-4D4F-8519-0E1AFA5E98D1}"
EndProject
Project("{9A19103F-16F7-4668-BE54-9A1E7A4F7556}") = "forskel-struct-class", "forskel-struct-class\forskel-struct-class.csproj", "{44D6FEBE-A389-48E2-9EB6-07E7FA72BA67}"
EndProject
Project("{9A19103F-16F7-4668-BE54-9A1E7A4F7556}") = "hukommelse_visualiser", "hukommelse_visualiser\hukommelse_visualiser.csproj", "{1B7BEA3D-6E51-4A2F-8F85-6E2329DD006C}"
EndProject
Project("{9A19103F-16F7-4668-BE54-9A1E7A4F7556}") = "Konto-fællesopgave", "Konto-fællesopgave\Konto-fællesopgave.csproj", "{DA935346-3222-4EC0-81C1-19FCAF592444}"
EndProject
Project("{9A19103F-16F7-4668-BE54-9A1E7A4F7556}") = "Egenskaber_demo", "Egenskaber_demo\Egenskaber_demo.csproj", "{FC212AA8-2284-4B1F-A153-556AF5BBC117}"
EndProject
Project("{9A19103F-16F7-4668-BE54-9A1E7A4F7556}") = "Indkapsling-opg-90-1", "Indkapsling-opg-90-1\Indkapsling-opg-90-1.csproj", "{D6899171-BB9C-4753-9EB2-22B4FCF86C00}"
EndProject
Project("{9A19103F-16F7-4668-BE54-9A1E7A4F7556}") = "WebApplication1", "WebApplication1\WebApplication1.csproj", "{9B5175B2-DC09-42E3-ACAA-256A0B27EDED}"
EndProject
Project("{9A19103F-16F7-4668-BE54-9A1E7A4F7556}") = "WebApplication2", "WebApplication2\WebApplication2.csproj", "{6E7502D6-22B1-4DDA-9B9B-38B33AA23974}"
EndProject
Project("{9A19103F-16F7-4668-BE54-9A1E7A4F7556}") = "Egenskaber_Automatisk", "Egenskaber_Automatisk\Egenskaber_Automatisk.csproj", "{0B46CA95-424E-4704-9C79-56A10AEF69C0}"
EndProject
Project("{9A19103F-16F7-4668-BE54-9A1E7A4F7556}") = "jbotester_egenskab", "jbotester_egenskab\jbotester_egenskab.csproj", "{DC6421D4-C220-4C84-84DD-B119009EF2B3}"
EndProject
Project("{9A19103F-16F7-4668-BE54-9A1E7A4F7556}") = "Arvning_Simpel", "Arvning_Simpel\Arvning_Simpel.csproj", "{7A481C36-360C-4223-9BE2-392145EB7A5E}"
EndProject
Project("{2150E333-8FDC-42A3-9474-1A3956D46DE8}") = "Solution Items", "Solution Items", "{442D62E8-9538-41FC-A70D-46C9B82D022E}"
	ProjectSection(SolutionItems) = preProject
		TextFile1.txt = TextFile1.txt
	EndProjectSection
EndProject
Project("{9A19103F-16F7-4668-BE54-9A1E7A4F7556}") = "Arv_Random", "Arv_Random\Arv_Random.csproj", "{87AD485A-244A-469D-A30F-2E025B690E99}"
EndProject
Project("{FAE04EC0-301F-11D3-BF4B-00C04F79EFBC}") = "WpfApp1", "WpfApp1\WpfApp1.csproj", "{55F81BA2-E648-4B96-B848-ABAA4ED8656A}"
EndProject
Project("{FAE04EC0-301F-11D3-BF4B-00C04F79EFBC}") = "WindowsFormsApp1", "WindowsFormsApp1\WindowsFormsApp1.csproj", "{BAAF7FCC-5269-4405-B200-709C7125E10D}"
EndProject
Project("{9A19103F-16F7-4668-BE54-9A1E7A4F7556}") = "arv_abstract_klasse", "arv_abstract_klasse\arv_abstract_klasse.csproj", "{D95FDF6A-F29D-4437-8187-72496DBBFBDC}"
EndProject
Project("{9A19103F-16F7-4668-BE54-9A1E7A4F7556}") = "arv_polymorfi_dyr", "arv_polymorfi_dyr\arv_polymorfi_dyr.csproj", "{E55570A4-4DEB-4B8A-9348-E376688B789E}"
EndProject
Project("{9A19103F-16F7-4668-BE54-9A1E7A4F7556}") = "Interface_eget", "Interface_eget\Interface_eget.csproj", "{B1AC012C-8814-4CAC-9E16-1F28C024783F}"
EndProject
Project("{9A19103F-16F7-4668-BE54-9A1E7A4F7556}") = "Interface_Compare", "Interface_Compare\Interface_Compare.csproj", "{53CBC9E7-6B8B-4602-8BD3-ACFD62B5417B}"
EndProject
Project("{9A19103F-16F7-4668-BE54-9A1E7A4F7556}") = "delegates_heltsimpel", "delegates_heltsimpel\delegates_heltsimpel.csproj", "{47785A57-F417-400E-B07D-7EFFA8A06FD0}"
EndProject
Project("{9A19103F-16F7-4668-BE54-9A1E7A4F7556}") = "delegates_simpel_beregner", "delegates_simpel_beregner\delegates_simpel_beregner.csproj", "{5887FE95-FA44-4319-A7F4-5CB1735707F3}"
EndProject
Project("{9A19103F-16F7-4668-BE54-9A1E7A4F7556}") = "delegates_log", "delegates_log\delegates_log.csproj", "{7C6D77B2-C143-405B-A5E1-ADFD32A1A723}"
EndProject
Project("{FAE04EC0-301F-11D3-BF4B-00C04F79EFBC}") = "delegates_lampda", "delegates_lampda\delegates_lampda.csproj", "{931230D7-AFF7-4AE1-BAA6-717FE9C3F96C}"
EndProject
Project("{FAE04EC0-301F-11D3-BF4B-00C04F79EFBC}") = "events_kreditmax", "events_kreditmax\events_kreditmax.csproj", "{0C26C397-D830-44D6-900D-BFB9B004DE36}"
EndProject
Project("{FAE04EC0-301F-11D3-BF4B-00C04F79EFBC}") = "events_filewatcher", "events_filewatcher\events_filewatcher.csproj", "{C7FFB33A-F659-4F5D-AF79-8DD9066CE2B6}"
EndProject
Project("{FAE04EC0-301F-11D3-BF4B-00C04F79EFBC}") = "linq2objects_person", "linq2objects_person\linq2objects_person.csproj", "{4A6EB870-38C2-4EF8-99B0-CEFDDA10CE7E}"
EndProject
Project("{FAE04EC0-301F-11D3-BF4B-00C04F79EFBC}") = "_Testing", "_Testing\_Testing.csproj", "{EB99427E-BEA6-4D79-87E8-E5FD7935E822}"
EndProject
Global
	GlobalSection(SolutionConfigurationPlatforms) = preSolution
		Debug|Any CPU = Debug|Any CPU
		Release|Any CPU = Release|Any CPU
	EndGlobalSection
	GlobalSection(ProjectConfigurationPlatforms) = postSolution
		{3A225F76-6485-4114-B92B-9E17DFBA4476}.Debug|Any CPU.ActiveCfg = Debug|Any CPU
		{3A225F76-6485-4114-B92B-9E17DFBA4476}.Debug|Any CPU.Build.0 = Debug|Any CPU
		{3A225F76-6485-4114-B92B-9E17DFBA4476}.Release|Any CPU.ActiveCfg = Release|Any CPU
		{3A225F76-6485-4114-B92B-9E17DFBA4476}.Release|Any CPU.Build.0 = Release|Any CPU
		{289F7D61-10B1-48DB-9839-7FAF88082EAC}.Debug|Any CPU.ActiveCfg = Debug|Any CPU
		{289F7D61-10B1-48DB-9839-7FAF88082EAC}.Debug|Any CPU.Build.0 = Debug|Any CPU
		{289F7D61-10B1-48DB-9839-7FAF88082EAC}.Release|Any CPU.ActiveCfg = Release|Any CPU
		{289F7D61-10B1-48DB-9839-7FAF88082EAC}.Release|Any CPU.Build.0 = Release|Any CPU
		{AE830585-BC7E-4F60-93F9-3C63F137C4E4}.Debug|Any CPU.ActiveCfg = Debug|Any CPU
		{AE830585-BC7E-4F60-93F9-3C63F137C4E4}.Debug|Any CPU.Build.0 = Debug|Any CPU
		{AE830585-BC7E-4F60-93F9-3C63F137C4E4}.Release|Any CPU.ActiveCfg = Release|Any CPU
		{AE830585-BC7E-4F60-93F9-3C63F137C4E4}.Release|Any CPU.Build.0 = Release|Any CPU
		{DC164294-53C9-4B56-B741-F921917CF316}.Debug|Any CPU.ActiveCfg = Debug|Any CPU
		{DC164294-53C9-4B56-B741-F921917CF316}.Debug|Any CPU.Build.0 = Debug|Any CPU
		{DC164294-53C9-4B56-B741-F921917CF316}.Release|Any CPU.ActiveCfg = Release|Any CPU
		{DC164294-53C9-4B56-B741-F921917CF316}.Release|Any CPU.Build.0 = Release|Any CPU
		{A0D2409E-4B96-4D14-9E2B-79D3133746EF}.Debug|Any CPU.ActiveCfg = Debug|Any CPU
		{A0D2409E-4B96-4D14-9E2B-79D3133746EF}.Debug|Any CPU.Build.0 = Debug|Any CPU
		{A0D2409E-4B96-4D14-9E2B-79D3133746EF}.Release|Any CPU.ActiveCfg = Release|Any CPU
		{A0D2409E-4B96-4D14-9E2B-79D3133746EF}.Release|Any CPU.Build.0 = Release|Any CPU
		{8277CA5A-DC1C-4437-AB96-E68903C6A17B}.Debug|Any CPU.ActiveCfg = Debug|Any CPU
		{8277CA5A-DC1C-4437-AB96-E68903C6A17B}.Debug|Any CPU.Build.0 = Debug|Any CPU
		{8277CA5A-DC1C-4437-AB96-E68903C6A17B}.Release|Any CPU.ActiveCfg = Release|Any CPU
		{8277CA5A-DC1C-4437-AB96-E68903C6A17B}.Release|Any CPU.Build.0 = Release|Any CPU
		{8381954C-AC53-48A0-A67C-5CA5195018CF}.Debug|Any CPU.ActiveCfg = Debug|Any CPU
		{8381954C-AC53-48A0-A67C-5CA5195018CF}.Debug|Any CPU.Build.0 = Debug|Any CPU
		{8381954C-AC53-48A0-A67C-5CA5195018CF}.Release|Any CPU.ActiveCfg = Release|Any CPU
		{8381954C-AC53-48A0-A67C-5CA5195018CF}.Release|Any CPU.Build.0 = Release|Any CPU
		{32C0AF33-434D-4010-9D16-C51F8AF3DFFE}.Debug|Any CPU.ActiveCfg = Debug|Any CPU
		{32C0AF33-434D-4010-9D16-C51F8AF3DFFE}.Debug|Any CPU.Build.0 = Debug|Any CPU
		{32C0AF33-434D-4010-9D16-C51F8AF3DFFE}.Release|Any CPU.ActiveCfg = Release|Any CPU
		{32C0AF33-434D-4010-9D16-C51F8AF3DFFE}.Release|Any CPU.Build.0 = Release|Any CPU
		{8E710C2D-6C8F-4A59-B10D-93DEE17865B7}.Debug|Any CPU.ActiveCfg = Debug|Any CPU
		{8E710C2D-6C8F-4A59-B10D-93DEE17865B7}.Debug|Any CPU.Build.0 = Debug|Any CPU
		{8E710C2D-6C8F-4A59-B10D-93DEE17865B7}.Release|Any CPU.ActiveCfg = Release|Any CPU
		{8E710C2D-6C8F-4A59-B10D-93DEE17865B7}.Release|Any CPU.Build.0 = Release|Any CPU
		{75CC2092-9149-4F24-9D4B-EFF397A98DEF}.Debug|Any CPU.ActiveCfg = Debug|Any CPU
		{75CC2092-9149-4F24-9D4B-EFF397A98DEF}.Debug|Any CPU.Build.0 = Debug|Any CPU
		{75CC2092-9149-4F24-9D4B-EFF397A98DEF}.Release|Any CPU.ActiveCfg = Release|Any CPU
		{75CC2092-9149-4F24-9D4B-EFF397A98DEF}.Release|Any CPU.Build.0 = Release|Any CPU
		{D5AC2A86-20EC-4243-B57F-6122322CD88D}.Debug|Any CPU.ActiveCfg = Debug|Any CPU
		{D5AC2A86-20EC-4243-B57F-6122322CD88D}.Debug|Any CPU.Build.0 = Debug|Any CPU
		{D5AC2A86-20EC-4243-B57F-6122322CD88D}.Release|Any CPU.ActiveCfg = Release|Any CPU
		{D5AC2A86-20EC-4243-B57F-6122322CD88D}.Release|Any CPU.Build.0 = Release|Any CPU
		{1352CD8B-720C-4389-B82A-8251067DF47C}.Debug|Any CPU.ActiveCfg = Debug|Any CPU
		{1352CD8B-720C-4389-B82A-8251067DF47C}.Debug|Any CPU.Build.0 = Debug|Any CPU
		{1352CD8B-720C-4389-B82A-8251067DF47C}.Release|Any CPU.ActiveCfg = Release|Any CPU
		{1352CD8B-720C-4389-B82A-8251067DF47C}.Release|Any CPU.Build.0 = Release|Any CPU
		{B9832C04-B553-46BB-BAF0-95D27A506F3D}.Debug|Any CPU.ActiveCfg = Debug|Any CPU
		{B9832C04-B553-46BB-BAF0-95D27A506F3D}.Debug|Any CPU.Build.0 = Debug|Any CPU
		{B9832C04-B553-46BB-BAF0-95D27A506F3D}.Release|Any CPU.ActiveCfg = Release|Any CPU
		{B9832C04-B553-46BB-BAF0-95D27A506F3D}.Release|Any CPU.Build.0 = Release|Any CPU
		{45125BA4-F7C1-40C2-ABC5-A2C44CBA4403}.Debug|Any CPU.ActiveCfg = Debug|Any CPU
		{45125BA4-F7C1-40C2-ABC5-A2C44CBA4403}.Debug|Any CPU.Build.0 = Debug|Any CPU
		{45125BA4-F7C1-40C2-ABC5-A2C44CBA4403}.Release|Any CPU.ActiveCfg = Release|Any CPU
		{45125BA4-F7C1-40C2-ABC5-A2C44CBA4403}.Release|Any CPU.Build.0 = Release|Any CPU
		{4CA602A9-E81D-4D4F-8519-0E1AFA5E98D1}.Debug|Any CPU.ActiveCfg = Debug|Any CPU
		{4CA602A9-E81D-4D4F-8519-0E1AFA5E98D1}.Debug|Any CPU.Build.0 = Debug|Any CPU
		{4CA602A9-E81D-4D4F-8519-0E1AFA5E98D1}.Release|Any CPU.ActiveCfg = Release|Any CPU
		{4CA602A9-E81D-4D4F-8519-0E1AFA5E98D1}.Release|Any CPU.Build.0 = Release|Any CPU
		{44D6FEBE-A389-48E2-9EB6-07E7FA72BA67}.Debug|Any CPU.ActiveCfg = Debug|Any CPU
		{44D6FEBE-A389-48E2-9EB6-07E7FA72BA67}.Debug|Any CPU.Build.0 = Debug|Any CPU
		{44D6FEBE-A389-48E2-9EB6-07E7FA72BA67}.Release|Any CPU.ActiveCfg = Release|Any CPU
		{44D6FEBE-A389-48E2-9EB6-07E7FA72BA67}.Release|Any CPU.Build.0 = Release|Any CPU
		{1B7BEA3D-6E51-4A2F-8F85-6E2329DD006C}.Debug|Any CPU.ActiveCfg = Debug|Any CPU
		{1B7BEA3D-6E51-4A2F-8F85-6E2329DD006C}.Debug|Any CPU.Build.0 = Debug|Any CPU
		{1B7BEA3D-6E51-4A2F-8F85-6E2329DD006C}.Release|Any CPU.ActiveCfg = Release|Any CPU
		{1B7BEA3D-6E51-4A2F-8F85-6E2329DD006C}.Release|Any CPU.Build.0 = Release|Any CPU
		{DA935346-3222-4EC0-81C1-19FCAF592444}.Debug|Any CPU.ActiveCfg = Debug|Any CPU
		{DA935346-3222-4EC0-81C1-19FCAF592444}.Debug|Any CPU.Build.0 = Debug|Any CPU
		{DA935346-3222-4EC0-81C1-19FCAF592444}.Release|Any CPU.ActiveCfg = Release|Any CPU
		{DA935346-3222-4EC0-81C1-19FCAF592444}.Release|Any CPU.Build.0 = Release|Any CPU
		{FC212AA8-2284-4B1F-A153-556AF5BBC117}.Debug|Any CPU.ActiveCfg = Debug|Any CPU
		{FC212AA8-2284-4B1F-A153-556AF5BBC117}.Debug|Any CPU.Build.0 = Debug|Any CPU
		{FC212AA8-2284-4B1F-A153-556AF5BBC117}.Release|Any CPU.ActiveCfg = Release|Any CPU
		{FC212AA8-2284-4B1F-A153-556AF5BBC117}.Release|Any CPU.Build.0 = Release|Any CPU
		{D6899171-BB9C-4753-9EB2-22B4FCF86C00}.Debug|Any CPU.ActiveCfg = Debug|Any CPU
		{D6899171-BB9C-4753-9EB2-22B4FCF86C00}.Debug|Any CPU.Build.0 = Debug|Any CPU
		{D6899171-BB9C-4753-9EB2-22B4FCF86C00}.Release|Any CPU.ActiveCfg = Release|Any CPU
		{D6899171-BB9C-4753-9EB2-22B4FCF86C00}.Release|Any CPU.Build.0 = Release|Any CPU
		{9B5175B2-DC09-42E3-ACAA-256A0B27EDED}.Debug|Any CPU.ActiveCfg = Debug|Any CPU
		{9B5175B2-DC09-42E3-ACAA-256A0B27EDED}.Debug|Any CPU.Build.0 = Debug|Any CPU
		{9B5175B2-DC09-42E3-ACAA-256A0B27EDED}.Release|Any CPU.ActiveCfg = Release|Any CPU
		{9B5175B2-DC09-42E3-ACAA-256A0B27EDED}.Release|Any CPU.Build.0 = Release|Any CPU
		{6E7502D6-22B1-4DDA-9B9B-38B33AA23974}.Debug|Any CPU.ActiveCfg = Debug|Any CPU
		{6E7502D6-22B1-4DDA-9B9B-38B33AA23974}.Debug|Any CPU.Build.0 = Debug|Any CPU
		{6E7502D6-22B1-4DDA-9B9B-38B33AA23974}.Release|Any CPU.ActiveCfg = Release|Any CPU
		{6E7502D6-22B1-4DDA-9B9B-38B33AA23974}.Release|Any CPU.Build.0 = Release|Any CPU
		{0B46CA95-424E-4704-9C79-56A10AEF69C0}.Debug|Any CPU.ActiveCfg = Debug|Any CPU
		{0B46CA95-424E-4704-9C79-56A10AEF69C0}.Debug|Any CPU.Build.0 = Debug|Any CPU
		{0B46CA95-424E-4704-9C79-56A10AEF69C0}.Release|Any CPU.ActiveCfg = Release|Any CPU
		{0B46CA95-424E-4704-9C79-56A10AEF69C0}.Release|Any CPU.Build.0 = Release|Any CPU
		{DC6421D4-C220-4C84-84DD-B119009EF2B3}.Debug|Any CPU.ActiveCfg = Debug|Any CPU
		{DC6421D4-C220-4C84-84DD-B119009EF2B3}.Debug|Any CPU.Build.0 = Debug|Any CPU
		{DC6421D4-C220-4C84-84DD-B119009EF2B3}.Release|Any CPU.ActiveCfg = Release|Any CPU
		{DC6421D4-C220-4C84-84DD-B119009EF2B3}.Release|Any CPU.Build.0 = Release|Any CPU
		{7A481C36-360C-4223-9BE2-392145EB7A5E}.Debug|Any CPU.ActiveCfg = Debug|Any CPU
		{7A481C36-360C-4223-9BE2-392145EB7A5E}.Debug|Any CPU.Build.0 = Debug|Any CPU
		{7A481C36-360C-4223-9BE2-392145EB7A5E}.Release|Any CPU.ActiveCfg = Release|Any CPU
		{7A481C36-360C-4223-9BE2-392145EB7A5E}.Release|Any CPU.Build.0 = Release|Any CPU
		{87AD485A-244A-469D-A30F-2E025B690E99}.Debug|Any CPU.ActiveCfg = Debug|Any CPU
		{87AD485A-244A-469D-A30F-2E025B690E99}.Debug|Any CPU.Build.0 = Debug|Any CPU
		{87AD485A-244A-469D-A30F-2E025B690E99}.Release|Any CPU.ActiveCfg = Release|Any CPU
		{87AD485A-244A-469D-A30F-2E025B690E99}.Release|Any CPU.Build.0 = Release|Any CPU
		{55F81BA2-E648-4B96-B848-ABAA4ED8656A}.Debug|Any CPU.ActiveCfg = Debug|Any CPU
		{55F81BA2-E648-4B96-B848-ABAA4ED8656A}.Debug|Any CPU.Build.0 = Debug|Any CPU
		{55F81BA2-E648-4B96-B848-ABAA4ED8656A}.Release|Any CPU.ActiveCfg = Release|Any CPU
		{55F81BA2-E648-4B96-B848-ABAA4ED8656A}.Release|Any CPU.Build.0 = Release|Any CPU
		{BAAF7FCC-5269-4405-B200-709C7125E10D}.Debug|Any CPU.ActiveCfg = Debug|Any CPU
		{BAAF7FCC-5269-4405-B200-709C7125E10D}.Debug|Any CPU.Build.0 = Debug|Any CPU
		{BAAF7FCC-5269-4405-B200-709C7125E10D}.Release|Any CPU.ActiveCfg = Release|Any CPU
		{BAAF7FCC-5269-4405-B200-709C7125E10D}.Release|Any CPU.Build.0 = Release|Any CPU
		{D95FDF6A-F29D-4437-8187-72496DBBFBDC}.Debug|Any CPU.ActiveCfg = Debug|Any CPU
		{D95FDF6A-F29D-4437-8187-72496DBBFBDC}.Debug|Any CPU.Build.0 = Debug|Any CPU
		{D95FDF6A-F29D-4437-8187-72496DBBFBDC}.Release|Any CPU.ActiveCfg = Release|Any CPU
		{D95FDF6A-F29D-4437-8187-72496DBBFBDC}.Release|Any CPU.Build.0 = Release|Any CPU
		{E55570A4-4DEB-4B8A-9348-E376688B789E}.Debug|Any CPU.ActiveCfg = Debug|Any CPU
		{E55570A4-4DEB-4B8A-9348-E376688B789E}.Debug|Any CPU.Build.0 = Debug|Any CPU
		{E55570A4-4DEB-4B8A-9348-E376688B789E}.Release|Any CPU.ActiveCfg = Release|Any CPU
		{E55570A4-4DEB-4B8A-9348-E376688B789E}.Release|Any CPU.Build.0 = Release|Any CPU
		{B1AC012C-8814-4CAC-9E16-1F28C024783F}.Debug|Any CPU.ActiveCfg = Debug|Any CPU
		{B1AC012C-8814-4CAC-9E16-1F28C024783F}.Debug|Any CPU.Build.0 = Debug|Any CPU
		{B1AC012C-8814-4CAC-9E16-1F28C024783F}.Release|Any CPU.ActiveCfg = Release|Any CPU
		{B1AC012C-8814-4CAC-9E16-1F28C024783F}.Release|Any CPU.Build.0 = Release|Any CPU
		{53CBC9E7-6B8B-4602-8BD3-ACFD62B5417B}.Debug|Any CPU.ActiveCfg = Debug|Any CPU
		{53CBC9E7-6B8B-4602-8BD3-ACFD62B5417B}.Debug|Any CPU.Build.0 = Debug|Any CPU
		{53CBC9E7-6B8B-4602-8BD3-ACFD62B5417B}.Release|Any CPU.ActiveCfg = Release|Any CPU
		{53CBC9E7-6B8B-4602-8BD3-ACFD62B5417B}.Release|Any CPU.Build.0 = Release|Any CPU
		{47785A57-F417-400E-B07D-7EFFA8A06FD0}.Debug|Any CPU.ActiveCfg = Debug|Any CPU
		{47785A57-F417-400E-B07D-7EFFA8A06FD0}.Debug|Any CPU.Build.0 = Debug|Any CPU
		{47785A57-F417-400E-B07D-7EFFA8A06FD0}.Release|Any CPU.ActiveCfg = Release|Any CPU
		{47785A57-F417-400E-B07D-7EFFA8A06FD0}.Release|Any CPU.Build.0 = Release|Any CPU
		{5887FE95-FA44-4319-A7F4-5CB1735707F3}.Debug|Any CPU.ActiveCfg = Debug|Any CPU
		{5887FE95-FA44-4319-A7F4-5CB1735707F3}.Debug|Any CPU.Build.0 = Debug|Any CPU
		{5887FE95-FA44-4319-A7F4-5CB1735707F3}.Release|Any CPU.ActiveCfg = Release|Any CPU
		{5887FE95-FA44-4319-A7F4-5CB1735707F3}.Release|Any CPU.Build.0 = Release|Any CPU
		{7C6D77B2-C143-405B-A5E1-ADFD32A1A723}.Debug|Any CPU.ActiveCfg = Debug|Any CPU
		{7C6D77B2-C143-405B-A5E1-ADFD32A1A723}.Debug|Any CPU.Build.0 = Debug|Any CPU
		{7C6D77B2-C143-405B-A5E1-ADFD32A1A723}.Release|Any CPU.ActiveCfg = Release|Any CPU
		{7C6D77B2-C143-405B-A5E1-ADFD32A1A723}.Release|Any CPU.Build.0 = Release|Any CPU
		{931230D7-AFF7-4AE1-BAA6-717FE9C3F96C}.Debug|Any CPU.ActiveCfg = Debug|Any CPU
		{931230D7-AFF7-4AE1-BAA6-717FE9C3F96C}.Debug|Any CPU.Build.0 = Debug|Any CPU
		{931230D7-AFF7-4AE1-BAA6-717FE9C3F96C}.Release|Any CPU.ActiveCfg = Release|Any CPU
		{931230D7-AFF7-4AE1-BAA6-717FE9C3F96C}.Release|Any CPU.Build.0 = Release|Any CPU
		{0C26C397-D830-44D6-900D-BFB9B004DE36}.Debug|Any CPU.ActiveCfg = Debug|Any CPU
		{0C26C397-D830-44D6-900D-BFB9B004DE36}.Debug|Any CPU.Build.0 = Debug|Any CPU
		{0C26C397-D830-44D6-900D-BFB9B004DE36}.Release|Any CPU.ActiveCfg = Release|Any CPU
		{0C26C397-D830-44D6-900D-BFB9B004DE36}.Release|Any CPU.Build.0 = Release|Any CPU
		{C7FFB33A-F659-4F5D-AF79-8DD9066CE2B6}.Debug|Any CPU.ActiveCfg = Debug|Any CPU
		{C7FFB33A-F659-4F5D-AF79-8DD9066CE2B6}.Debug|Any CPU.Build.0 = Debug|Any CPU
		{C7FFB33A-F659-4F5D-AF79-8DD9066CE2B6}.Release|Any CPU.ActiveCfg = Release|Any CPU
		{C7FFB33A-F659-4F5D-AF79-8DD9066CE2B6}.Release|Any CPU.Build.0 = Release|Any CPU
		{4A6EB870-38C2-4EF8-99B0-CEFDDA10CE7E}.Debug|Any CPU.ActiveCfg = Debug|Any CPU
		{4A6EB870-38C2-4EF8-99B0-CEFDDA10CE7E}.Debug|Any CPU.Build.0 = Debug|Any CPU
		{4A6EB870-38C2-4EF8-99B0-CEFDDA10CE7E}.Release|Any CPU.ActiveCfg = Release|Any CPU
		{4A6EB870-38C2-4EF8-99B0-CEFDDA10CE7E}.Release|Any CPU.Build.0 = Release|Any CPU
		{EB99427E-BEA6-4D79-87E8-E5FD7935E822}.Debug|Any CPU.ActiveCfg = Debug|Any CPU
		{EB99427E-BEA6-4D79-87E8-E5FD7935E822}.Debug|Any CPU.Build.0 = Debug|Any CPU
		{EB99427E-BEA6-4D79-87E8-E5FD7935E822}.Release|Any CPU.ActiveCfg = Release|Any CPU
		{EB99427E-BEA6-4D79-87E8-E5FD7935E822}.Release|Any CPU.Build.0 = Release|Any CPU
	EndGlobalSection
	GlobalSection(SolutionProperties) = preSolution
		HideSolutionNode = FALSE
	EndGlobalSection
	GlobalSection(ExtensibilityGlobals) = postSolution
		SolutionGuid = {2C99FBB1-4536-42EA-BD51-8928208D6F88}
	EndGlobalSection
EndGlobal
